
Microsoft Visual Studio Solution File, Format Version 12.00
# Visual Studio Version 17
VisualStudioVersion = 17.5.002.0
MinimumVisualStudioVersion = 10.0.40219.1
Project("{9A19103F-16F7-4668-BE54-9A1E7A4F7556}") = "IntegrationTests", "IntegrationTests.csproj", "{2050CB4D-B3AA-4BFB-8CCF-5E6082B8F942}"
EndProject
Global
	GlobalSection(SolutionConfigurationPlatforms) = preSolution
		Debug|Any CPU = Debug|Any CPU
		Release|Any CPU = Release|Any CPU
	EndGlobalSection
	GlobalSection(ProjectConfigurationPlatforms) = postSolution
		{2050CB4D-B3AA-4BFB-8CCF-5E6082B8F942}.Debug|Any CPU.ActiveCfg = Debug|Any CPU
		{2050CB4D-B3AA-4BFB-8CCF-5E6082B8F942}.Debug|Any CPU.Build.0 = Debug|Any CPU
		{2050CB4D-B3AA-4BFB-8CCF-5E6082B8F942}.Release|Any CPU.ActiveCfg = Release|Any CPU
		{2050CB4D-B3AA-4BFB-8CCF-5E6082B8F942}.Release|Any CPU.Build.0 = Release|Any CPU
	EndGlobalSection
	GlobalSection(SolutionProperties) = preSolution
		HideSolutionNode = FALSE
	EndGlobalSection
	GlobalSection(ExtensibilityGlobals) = postSolution
		SolutionGuid = {B527D325-6608-4741-81A7-159E8DC82206}
	EndGlobalSection
EndGlobal
