
Microsoft Visual Studio Solution File, Format Version 12.00
# Visual Studio Version 17
VisualStudioVersion = 17.0.31903.59
MinimumVisualStudioVersion = 10.0.40219.1
Project("{2150E333-8FDC-42A3-9474-1A3956D46DE8}") = "EpisodeManagementService", "EpisodeManagementService", "{55FB169A-E543-41E4-882A-7B12DF00016B}"
EndProject
Project("{2150E333-8FDC-42A3-9474-1A3956D46DE8}") = "ParticipantManagementService", "ParticipantManagementService", "{8BBD7332-93CD-4C28-878C-314BB44A6224}"
EndProject
Project("{FAE04EC0-301F-11D3-BF4B-00C04F79EFBC}") = "UpdateParticipant", "ParticipantManagementService\UpdateParticipant\UpdateParticipant.csproj", "{EFF39066-513A-4054-8347-2E43958476A8}"
EndProject
Project("{FAE04EC0-301F-11D3-BF4B-00C04F79EFBC}") = "TestUtils", "..\tests\TestUtils\TestUtils.csproj", "{D352B93A-4AFA-481A-80F9-7F68FBEC4A9B}"
EndProject
Project("{2150E333-8FDC-42A3-9474-1A3956D46DE8}") = "EpisodeIntegrationService", "EpisodeIntegrationService", "{B079A490-6D52-4428-8A63-BD596589C16E}"
EndProject
Project("{FAE04EC0-301F-11D3-BF4B-00C04F79EFBC}") = "CreateUpdateEpisode", "EpisodeManagementService\CreateUpdateEpisode\CreateUpdateEpisode.csproj", "{EAA6F5D1-15D2-40D5-A383-AD763401889C}"
EndProject
Project("{2150E333-8FDC-42A3-9474-1A3956D46DE8}") = "EpisodeDataService", "EpisodeDataService", "{DACA4EB5-14F5-42D8-AD61-DA1FA4DBB6ED}"
EndProject
Project("{FAE04EC0-301F-11D3-BF4B-00C04F79EFBC}") = "CreateEpisode", "EpisodeDataService\CreateEpisode\CreateEpisode.csproj", "{E2797CCA-CD3C-4BF1-87CB-4D34FE8289A2}"
EndProject
Project("{2150E333-8FDC-42A3-9474-1A3956D46DE8}") = "Shared", "Shared", "{C1742A07-A12D-4894-849E-87DB9CEA03C3}"
EndProject
Project("{FAE04EC0-301F-11D3-BF4B-00C04F79EFBC}") = "Common", "Shared\Common\Common.csproj", "{853338EB-9D25-4B5D-895B-FBEC7870A68A}"
EndProject
Project("{FAE04EC0-301F-11D3-BF4B-00C04F79EFBC}") = "Data", "Shared\Data\Data.csproj", "{69407060-E86D-4761-88B6-BCBAB09A481A}"
EndProject
Project("{FAE04EC0-301F-11D3-BF4B-00C04F79EFBC}") = "CreateEpisodeTests", "..\tests\EpisodeDataServiceTests\CreateEpisodeTests\CreateEpisodeTests.csproj", "{6B8F1D70-F55B-4C61-8FC1-0821554DAA6C}"
EndProject
Project("{FAE04EC0-301F-11D3-BF4B-00C04F79EFBC}") = "CreateUpdateEpisodeTests", "..\tests\EpisodeManagementServiceTests\CreateUpdateEpisodeTests\CreateUpdateEpisodeTests.csproj", "{3EDF6D3C-73A8-4C66-A6E4-83A4EE7E1F6A}"
EndProject
Project("{FAE04EC0-301F-11D3-BF4B-00C04F79EFBC}") = "Model", "Shared\Model\Model.csproj", "{C232F5A4-F99A-4185-BE03-A490F8AB029B}"
EndProject
Project("{FAE04EC0-301F-11D3-BF4B-00C04F79EFBC}") = "GetParticipant", "ParticipantManagementService\GetParticipant\GetParticipant.csproj", "{982DCCA8-E719-4316-9D2F-03C134E03F7C}"
EndProject
Project("{FAE04EC0-301F-11D3-BF4B-00C04F79EFBC}") = "GetParticipantTests", "..\tests\ParticipantManagementServiceTests\GetParticipantTests\GetParticipantTests.csproj", "{62B77FEF-E6E0-435D-B6E5-6FB1B8F8C46D}"
EndProject
Project("{FAE04EC0-301F-11D3-BF4B-00C04F79EFBC}") = "GetEpisode", "EpisodeManagementService\GetEpisode\GetEpisode.csproj", "{C9406CEA-A228-44C0-A474-1EC1F190DA34}"
EndProject
Project("{FAE04EC0-301F-11D3-BF4B-00C04F79EFBC}") = "GetEpisode", "EpisodeDataService\GetEpisode\GetEpisode.csproj", "{878E7696-C0CB-4779-B300-46647F434AE8}"
EndProject
Project("{FAE04EC0-301F-11D3-BF4B-00C04F79EFBC}") = "GetEpisodeTests", "..\tests\EpisodeManagementServiceTests\GetEpisodeTests\GetEpisodeTests.csproj", "{E98C1D29-37E2-4609-A4B8-5C5209749A63}"
EndProject
Project("{FAE04EC0-301F-11D3-BF4B-00C04F79EFBC}") = "UpdateParticipantTests", "..\tests\ParticipantManagementServiceTests\UpdateParticipantTests\UpdateParticipantTests.csproj", "{F7965884-3F6B-4505-8924-321895EE4512}"
EndProject
Project("{FAE04EC0-301F-11D3-BF4B-00C04F79EFBC}") = "GetEpisodeDataTests", "..\tests\EpisodeDataServiceTests\GetEpisodeTests\GetEpisodeDataTests.csproj", "{85B06FE6-DF2C-4C19-8969-B3D0A33719EF}"
EndProject
Project("{2150E333-8FDC-42A3-9474-1A3956D46DE8}") = "BIAnalyticsDataService", "BIAnalyticsDataService", "{4015B40A-C9B6-47B9-9758-67DF6C9B99D6}"
EndProject
Project("{FAE04EC0-301F-11D3-BF4B-00C04F79EFBC}") = "CreateParticipantScreeningEpisode", "BIAnalyticsDataService\CreateParticipantScreeningEpisode\CreateParticipantScreeningEpisode.csproj", "{3B36D188-0E89-4AFD-8154-E867E2CA942B}"
EndProject
Project("{FAE04EC0-301F-11D3-BF4B-00C04F79EFBC}") = "CreateParticipantScreeningEpisodeTests", "..\tests\BIAnalyticsDataServiceTests\CreateParticipantScreeningEpisodeTests\CreateParticipantScreeningEpisodeTests.csproj", "{887B420F-EB4F-4A46-8240-D78A3A697DD5}"
EndProject
Project("{FAE04EC0-301F-11D3-BF4B-00C04F79EFBC}") = "CreateParticipantScreeningProfileTests", "..\tests\BIAnalyticsDataServiceTests\CreateParticipantScreeningProfileTests\CreateParticipantScreeningProfileTests.csproj", "{0E427D98-951C-4EA4-8B86-8043E8E4F5E0}"
EndProject
Project("{FAE04EC0-301F-11D3-BF4B-00C04F79EFBC}") = "CreateParticipantScreeningProfile", "BIAnalyticsDataService\CreateParticipantScreeningProfile\CreateParticipantScreeningProfile.csproj", "{11157BC7-7617-482B-88EB-BEB69E258C1B}"
EndProject
Project("{2150E333-8FDC-42A3-9474-1A3956D46DE8}") = "dotnet-mesh-client", "dotnet-mesh-client", "{7A119A5C-EAEA-4C9C-8502-E50DAD38ED18}"
EndProject
Project("{2150E333-8FDC-42A3-9474-1A3956D46DE8}") = "application", "application", "{9F5EE7C6-63E4-485A-ADEB-EE997A014FE1}"
EndProject
Project("{2150E333-8FDC-42A3-9474-1A3956D46DE8}") = "DotNetMeshClient", "DotNetMeshClient", "{6FA217EB-2D53-4BE7-B4CC-963591112210}"
EndProject
Project("{FAE04EC0-301F-11D3-BF4B-00C04F79EFBC}") = "NHS.Mesh.Client", "Shared\dotnet-mesh-client\application\DotNetMeshClient\NHS.Mesh.Client\NHS.Mesh.Client.csproj", "{95A4BD99-1495-4839-989F-1B1EB98AC912}"
EndProject
Project("{2150E333-8FDC-42A3-9474-1A3956D46DE8}") = "MeshIntegrationService", "MeshIntegrationService", "{4CBE2AE3-2FFC-46BE-8727-0B128F849495}"
EndProject
Project("{FAE04EC0-301F-11D3-BF4B-00C04F79EFBC}") = "RetrieveMeshFileTests", "..\tests\MeshIntegrationServiceTests\RetrieveMeshFileTests\RetrieveMeshFileTests.csproj", "{D9E121BD-96EE-41D4-BD1A-1B8FF9C5E251}"
EndProject
Project("{FAE04EC0-301F-11D3-BF4B-00C04F79EFBC}") = "RetrieveMeshFile", "MeshIntegrationService\RetrieveMeshFile\RetrieveMeshFile.csproj", "{248A6EA6-7616-4BC9-9CA7-C9E3C7A0C1EA}"
EndProject
Project("{FAE04EC0-301F-11D3-BF4B-00C04F79EFBC}") = "UpdateEpisode", "EpisodeDataService\UpdateEpisode\UpdateEpisode.csproj", "{E3459DCC-85DA-4B35-920F-5661E6F63D52}"
EndProject
Project("{FAE04EC0-301F-11D3-BF4B-00C04F79EFBC}") = "UpdateEpisodeTests", "..\tests\EpisodeDataServiceTests\UpdateEpisodeTests\UpdateEpisodeTests.csproj", "{E9E8F6A1-5ECE-44D4-A07A-988B7DEE6718}"
EndProject
Project("{2150E333-8FDC-42A3-9474-1A3956D46DE8}") = "BIAnalyticsService", "BIAnalyticsService", "{4B0AD4B3-4508-4F6B-AEBF-24B4578DB1DC}"
EndProject
Project("{FAE04EC0-301F-11D3-BF4B-00C04F79EFBC}") = "ReceiveData", "EpisodeIntegrationService\ReceiveData\ReceiveData.csproj", "{5B4FE7BC-8FCE-4B7B-8E43-BCB726A7B10B}"
EndProject
Project("{FAE04EC0-301F-11D3-BF4B-00C04F79EFBC}") = "ReceiveDataTests", "..\tests\EpisodeIntegrationServiceTests\ReceiveDataTests\ReceiveDataTests.csproj", "{DFFFD27C-AECC-45AF-823E-C0D251CA38DF}"
EndProject
Project("{2150E333-8FDC-42A3-9474-1A3956D46DE8}") = "DemographicsService", "DemographicsService", "{1A0A629C-9BA1-4A19-8253-5137C2C0BA0B}"
EndProject
Project("{FAE04EC0-301F-11D3-BF4B-00C04F79EFBC}") = "GetDemographicsData", "DemographicsService\GetDemographicsData\GetDemographicsData.csproj", "{8004251F-AF5A-4030-B40F-0C3EA8948040}"
EndProject
Project("{FAE04EC0-301F-11D3-BF4B-00C04F79EFBC}") = "GetDemographicsDataTests", "..\tests\DemographicsServiceTests\GetDemographicsDataTests\GetDemographicsDataTests.csproj", "{5AC79E9B-0FC9-4B3F-9049-81419C6E41B2}"
EndProject
Project("{FAE04EC0-301F-11D3-BF4B-00C04F79EFBC}") = "CreateParticipantScreeningEpisode", "BIAnalyticsService\CreateParticipantScreeningEpisode\CreateParticipantScreeningEpisode.csproj", "{92FBB2E6-847E-424F-BBCB-1A01F4FCB31A}"
EndProject
Project("{FAE04EC0-301F-11D3-BF4B-00C04F79EFBC}") = "CreateParticipantScreeningProfile", "BIAnalyticsService\CreateParticipantScreeningProfile\CreateParticipantScreeningProfile.csproj", "{2554A6DE-634A-4D88-9161-E7CA281989AD}"
EndProject
Project("{FAE04EC0-301F-11D3-BF4B-00C04F79EFBC}") = "CreateParticipantScreeningEpisodeTests", "..\tests\BIAnalyticsServiceTests\CreateParticipantScreeningEpisodeTests\CreateParticipantScreeningEpisodeTests.csproj", "{6EB01C56-7964-4C35-9F59-FD7DFB49C364}"
EndProject
Project("{FAE04EC0-301F-11D3-BF4B-00C04F79EFBC}") = "CreateParticipantScreeningProfileTests", "..\tests\BIAnalyticsServiceTests\CreateParticipantScreeningProfileTests\CreateParticipantScreeningProfileTests.csproj", "{D000017C-3E3D-4B38-8106-60F608948575}"
EndProject
Project("{FAE04EC0-301F-11D3-BF4B-00C04F79EFBC}") = "GetParticipantScreeningProfileDataTests", "..\tests\BIAnalyticsDataServiceTests\GetParticipantScreeningProfileDataTests\GetParticipantScreeningProfileDataTests.csproj", "{9B0BC460-3542-4F66-A9BC-5135A9E893AE}"
EndProject
Global
	GlobalSection(SolutionConfigurationPlatforms) = preSolution
		Debug|Any CPU = Debug|Any CPU
		Release|Any CPU = Release|Any CPU
	EndGlobalSection
	GlobalSection(ProjectConfigurationPlatforms) = postSolution
		{EFF39066-513A-4054-8347-2E43958476A8}.Debug|Any CPU.ActiveCfg = Debug|Any CPU
		{EFF39066-513A-4054-8347-2E43958476A8}.Debug|Any CPU.Build.0 = Debug|Any CPU
		{EFF39066-513A-4054-8347-2E43958476A8}.Release|Any CPU.ActiveCfg = Release|Any CPU
		{EFF39066-513A-4054-8347-2E43958476A8}.Release|Any CPU.Build.0 = Release|Any CPU
		{D352B93A-4AFA-481A-80F9-7F68FBEC4A9B}.Debug|Any CPU.ActiveCfg = Debug|Any CPU
		{D352B93A-4AFA-481A-80F9-7F68FBEC4A9B}.Debug|Any CPU.Build.0 = Debug|Any CPU
		{D352B93A-4AFA-481A-80F9-7F68FBEC4A9B}.Release|Any CPU.ActiveCfg = Release|Any CPU
		{D352B93A-4AFA-481A-80F9-7F68FBEC4A9B}.Release|Any CPU.Build.0 = Release|Any CPU
		{EAA6F5D1-15D2-40D5-A383-AD763401889C}.Debug|Any CPU.ActiveCfg = Debug|Any CPU
		{EAA6F5D1-15D2-40D5-A383-AD763401889C}.Debug|Any CPU.Build.0 = Debug|Any CPU
		{EAA6F5D1-15D2-40D5-A383-AD763401889C}.Release|Any CPU.ActiveCfg = Release|Any CPU
		{EAA6F5D1-15D2-40D5-A383-AD763401889C}.Release|Any CPU.Build.0 = Release|Any CPU
		{E2797CCA-CD3C-4BF1-87CB-4D34FE8289A2}.Debug|Any CPU.ActiveCfg = Debug|Any CPU
		{E2797CCA-CD3C-4BF1-87CB-4D34FE8289A2}.Debug|Any CPU.Build.0 = Debug|Any CPU
		{E2797CCA-CD3C-4BF1-87CB-4D34FE8289A2}.Release|Any CPU.ActiveCfg = Release|Any CPU
		{E2797CCA-CD3C-4BF1-87CB-4D34FE8289A2}.Release|Any CPU.Build.0 = Release|Any CPU
		{853338EB-9D25-4B5D-895B-FBEC7870A68A}.Debug|Any CPU.ActiveCfg = Debug|Any CPU
		{853338EB-9D25-4B5D-895B-FBEC7870A68A}.Debug|Any CPU.Build.0 = Debug|Any CPU
		{853338EB-9D25-4B5D-895B-FBEC7870A68A}.Release|Any CPU.ActiveCfg = Release|Any CPU
		{853338EB-9D25-4B5D-895B-FBEC7870A68A}.Release|Any CPU.Build.0 = Release|Any CPU
		{69407060-E86D-4761-88B6-BCBAB09A481A}.Debug|Any CPU.ActiveCfg = Debug|Any CPU
		{69407060-E86D-4761-88B6-BCBAB09A481A}.Debug|Any CPU.Build.0 = Debug|Any CPU
		{69407060-E86D-4761-88B6-BCBAB09A481A}.Release|Any CPU.ActiveCfg = Release|Any CPU
		{69407060-E86D-4761-88B6-BCBAB09A481A}.Release|Any CPU.Build.0 = Release|Any CPU
		{6B8F1D70-F55B-4C61-8FC1-0821554DAA6C}.Debug|Any CPU.ActiveCfg = Debug|Any CPU
		{6B8F1D70-F55B-4C61-8FC1-0821554DAA6C}.Debug|Any CPU.Build.0 = Debug|Any CPU
		{6B8F1D70-F55B-4C61-8FC1-0821554DAA6C}.Release|Any CPU.ActiveCfg = Release|Any CPU
		{6B8F1D70-F55B-4C61-8FC1-0821554DAA6C}.Release|Any CPU.Build.0 = Release|Any CPU
		{3EDF6D3C-73A8-4C66-A6E4-83A4EE7E1F6A}.Debug|Any CPU.ActiveCfg = Debug|Any CPU
		{3EDF6D3C-73A8-4C66-A6E4-83A4EE7E1F6A}.Debug|Any CPU.Build.0 = Debug|Any CPU
		{3EDF6D3C-73A8-4C66-A6E4-83A4EE7E1F6A}.Release|Any CPU.ActiveCfg = Release|Any CPU
		{3EDF6D3C-73A8-4C66-A6E4-83A4EE7E1F6A}.Release|Any CPU.Build.0 = Release|Any CPU
		{C232F5A4-F99A-4185-BE03-A490F8AB029B}.Debug|Any CPU.ActiveCfg = Debug|Any CPU
		{C232F5A4-F99A-4185-BE03-A490F8AB029B}.Debug|Any CPU.Build.0 = Debug|Any CPU
		{C232F5A4-F99A-4185-BE03-A490F8AB029B}.Release|Any CPU.ActiveCfg = Release|Any CPU
		{C232F5A4-F99A-4185-BE03-A490F8AB029B}.Release|Any CPU.Build.0 = Release|Any CPU
		{982DCCA8-E719-4316-9D2F-03C134E03F7C}.Debug|Any CPU.ActiveCfg = Debug|Any CPU
		{982DCCA8-E719-4316-9D2F-03C134E03F7C}.Debug|Any CPU.Build.0 = Debug|Any CPU
		{982DCCA8-E719-4316-9D2F-03C134E03F7C}.Release|Any CPU.ActiveCfg = Release|Any CPU
		{982DCCA8-E719-4316-9D2F-03C134E03F7C}.Release|Any CPU.Build.0 = Release|Any CPU
		{62B77FEF-E6E0-435D-B6E5-6FB1B8F8C46D}.Debug|Any CPU.ActiveCfg = Debug|Any CPU
		{62B77FEF-E6E0-435D-B6E5-6FB1B8F8C46D}.Debug|Any CPU.Build.0 = Debug|Any CPU
		{62B77FEF-E6E0-435D-B6E5-6FB1B8F8C46D}.Release|Any CPU.ActiveCfg = Release|Any CPU
		{62B77FEF-E6E0-435D-B6E5-6FB1B8F8C46D}.Release|Any CPU.Build.0 = Release|Any CPU
		{C9406CEA-A228-44C0-A474-1EC1F190DA34}.Debug|Any CPU.ActiveCfg = Debug|Any CPU
		{C9406CEA-A228-44C0-A474-1EC1F190DA34}.Debug|Any CPU.Build.0 = Debug|Any CPU
		{C9406CEA-A228-44C0-A474-1EC1F190DA34}.Release|Any CPU.ActiveCfg = Release|Any CPU
		{C9406CEA-A228-44C0-A474-1EC1F190DA34}.Release|Any CPU.Build.0 = Release|Any CPU
		{878E7696-C0CB-4779-B300-46647F434AE8}.Debug|Any CPU.ActiveCfg = Debug|Any CPU
		{878E7696-C0CB-4779-B300-46647F434AE8}.Debug|Any CPU.Build.0 = Debug|Any CPU
		{878E7696-C0CB-4779-B300-46647F434AE8}.Release|Any CPU.ActiveCfg = Release|Any CPU
		{878E7696-C0CB-4779-B300-46647F434AE8}.Release|Any CPU.Build.0 = Release|Any CPU
		{E98C1D29-37E2-4609-A4B8-5C5209749A63}.Debug|Any CPU.ActiveCfg = Debug|Any CPU
		{E98C1D29-37E2-4609-A4B8-5C5209749A63}.Debug|Any CPU.Build.0 = Debug|Any CPU
		{E98C1D29-37E2-4609-A4B8-5C5209749A63}.Release|Any CPU.ActiveCfg = Release|Any CPU
		{E98C1D29-37E2-4609-A4B8-5C5209749A63}.Release|Any CPU.Build.0 = Release|Any CPU
		{F7965884-3F6B-4505-8924-321895EE4512}.Debug|Any CPU.ActiveCfg = Debug|Any CPU
		{F7965884-3F6B-4505-8924-321895EE4512}.Debug|Any CPU.Build.0 = Debug|Any CPU
		{F7965884-3F6B-4505-8924-321895EE4512}.Release|Any CPU.ActiveCfg = Release|Any CPU
		{F7965884-3F6B-4505-8924-321895EE4512}.Release|Any CPU.Build.0 = Release|Any CPU
		{85B06FE6-DF2C-4C19-8969-B3D0A33719EF}.Debug|Any CPU.ActiveCfg = Debug|Any CPU
		{85B06FE6-DF2C-4C19-8969-B3D0A33719EF}.Debug|Any CPU.Build.0 = Debug|Any CPU
		{85B06FE6-DF2C-4C19-8969-B3D0A33719EF}.Release|Any CPU.ActiveCfg = Release|Any CPU
		{85B06FE6-DF2C-4C19-8969-B3D0A33719EF}.Release|Any CPU.Build.0 = Release|Any CPU
		{3B36D188-0E89-4AFD-8154-E867E2CA942B}.Debug|Any CPU.ActiveCfg = Debug|Any CPU
		{3B36D188-0E89-4AFD-8154-E867E2CA942B}.Debug|Any CPU.Build.0 = Debug|Any CPU
		{3B36D188-0E89-4AFD-8154-E867E2CA942B}.Release|Any CPU.ActiveCfg = Release|Any CPU
		{3B36D188-0E89-4AFD-8154-E867E2CA942B}.Release|Any CPU.Build.0 = Release|Any CPU
		{887B420F-EB4F-4A46-8240-D78A3A697DD5}.Debug|Any CPU.ActiveCfg = Debug|Any CPU
		{887B420F-EB4F-4A46-8240-D78A3A697DD5}.Debug|Any CPU.Build.0 = Debug|Any CPU
		{887B420F-EB4F-4A46-8240-D78A3A697DD5}.Release|Any CPU.ActiveCfg = Release|Any CPU
		{887B420F-EB4F-4A46-8240-D78A3A697DD5}.Release|Any CPU.Build.0 = Release|Any CPU
		{0E427D98-951C-4EA4-8B86-8043E8E4F5E0}.Debug|Any CPU.ActiveCfg = Debug|Any CPU
		{0E427D98-951C-4EA4-8B86-8043E8E4F5E0}.Debug|Any CPU.Build.0 = Debug|Any CPU
		{0E427D98-951C-4EA4-8B86-8043E8E4F5E0}.Release|Any CPU.ActiveCfg = Release|Any CPU
		{0E427D98-951C-4EA4-8B86-8043E8E4F5E0}.Release|Any CPU.Build.0 = Release|Any CPU
		{11157BC7-7617-482B-88EB-BEB69E258C1B}.Debug|Any CPU.ActiveCfg = Debug|Any CPU
		{11157BC7-7617-482B-88EB-BEB69E258C1B}.Debug|Any CPU.Build.0 = Debug|Any CPU
		{11157BC7-7617-482B-88EB-BEB69E258C1B}.Release|Any CPU.ActiveCfg = Release|Any CPU
		{11157BC7-7617-482B-88EB-BEB69E258C1B}.Release|Any CPU.Build.0 = Release|Any CPU
		{95A4BD99-1495-4839-989F-1B1EB98AC912}.Debug|Any CPU.ActiveCfg = Debug|Any CPU
		{95A4BD99-1495-4839-989F-1B1EB98AC912}.Debug|Any CPU.Build.0 = Debug|Any CPU
		{95A4BD99-1495-4839-989F-1B1EB98AC912}.Release|Any CPU.ActiveCfg = Release|Any CPU
		{95A4BD99-1495-4839-989F-1B1EB98AC912}.Release|Any CPU.Build.0 = Release|Any CPU
		{D9E121BD-96EE-41D4-BD1A-1B8FF9C5E251}.Debug|Any CPU.ActiveCfg = Debug|Any CPU
		{D9E121BD-96EE-41D4-BD1A-1B8FF9C5E251}.Debug|Any CPU.Build.0 = Debug|Any CPU
		{D9E121BD-96EE-41D4-BD1A-1B8FF9C5E251}.Release|Any CPU.ActiveCfg = Release|Any CPU
		{D9E121BD-96EE-41D4-BD1A-1B8FF9C5E251}.Release|Any CPU.Build.0 = Release|Any CPU
		{248A6EA6-7616-4BC9-9CA7-C9E3C7A0C1EA}.Debug|Any CPU.ActiveCfg = Debug|Any CPU
		{248A6EA6-7616-4BC9-9CA7-C9E3C7A0C1EA}.Debug|Any CPU.Build.0 = Debug|Any CPU
		{248A6EA6-7616-4BC9-9CA7-C9E3C7A0C1EA}.Release|Any CPU.ActiveCfg = Release|Any CPU
		{248A6EA6-7616-4BC9-9CA7-C9E3C7A0C1EA}.Release|Any CPU.Build.0 = Release|Any CPU
		{E3459DCC-85DA-4B35-920F-5661E6F63D52}.Debug|Any CPU.ActiveCfg = Debug|Any CPU
		{E3459DCC-85DA-4B35-920F-5661E6F63D52}.Debug|Any CPU.Build.0 = Debug|Any CPU
		{E3459DCC-85DA-4B35-920F-5661E6F63D52}.Release|Any CPU.ActiveCfg = Release|Any CPU
		{E3459DCC-85DA-4B35-920F-5661E6F63D52}.Release|Any CPU.Build.0 = Release|Any CPU
		{E9E8F6A1-5ECE-44D4-A07A-988B7DEE6718}.Debug|Any CPU.ActiveCfg = Debug|Any CPU
		{E9E8F6A1-5ECE-44D4-A07A-988B7DEE6718}.Debug|Any CPU.Build.0 = Debug|Any CPU
		{E9E8F6A1-5ECE-44D4-A07A-988B7DEE6718}.Release|Any CPU.ActiveCfg = Release|Any CPU
		{E9E8F6A1-5ECE-44D4-A07A-988B7DEE6718}.Release|Any CPU.Build.0 = Release|Any CPU
		{5B4FE7BC-8FCE-4B7B-8E43-BCB726A7B10B}.Debug|Any CPU.ActiveCfg = Debug|Any CPU
		{5B4FE7BC-8FCE-4B7B-8E43-BCB726A7B10B}.Debug|Any CPU.Build.0 = Debug|Any CPU
		{5B4FE7BC-8FCE-4B7B-8E43-BCB726A7B10B}.Release|Any CPU.ActiveCfg = Release|Any CPU
		{5B4FE7BC-8FCE-4B7B-8E43-BCB726A7B10B}.Release|Any CPU.Build.0 = Release|Any CPU
		{DFFFD27C-AECC-45AF-823E-C0D251CA38DF}.Debug|Any CPU.ActiveCfg = Debug|Any CPU
		{DFFFD27C-AECC-45AF-823E-C0D251CA38DF}.Debug|Any CPU.Build.0 = Debug|Any CPU
		{DFFFD27C-AECC-45AF-823E-C0D251CA38DF}.Release|Any CPU.ActiveCfg = Release|Any CPU
		{DFFFD27C-AECC-45AF-823E-C0D251CA38DF}.Release|Any CPU.Build.0 = Release|Any CPU
		{8004251F-AF5A-4030-B40F-0C3EA8948040}.Debug|Any CPU.ActiveCfg = Debug|Any CPU
		{8004251F-AF5A-4030-B40F-0C3EA8948040}.Debug|Any CPU.Build.0 = Debug|Any CPU
		{8004251F-AF5A-4030-B40F-0C3EA8948040}.Release|Any CPU.ActiveCfg = Release|Any CPU
		{8004251F-AF5A-4030-B40F-0C3EA8948040}.Release|Any CPU.Build.0 = Release|Any CPU
		{5AC79E9B-0FC9-4B3F-9049-81419C6E41B2}.Debug|Any CPU.ActiveCfg = Debug|Any CPU
		{5AC79E9B-0FC9-4B3F-9049-81419C6E41B2}.Debug|Any CPU.Build.0 = Debug|Any CPU
		{5AC79E9B-0FC9-4B3F-9049-81419C6E41B2}.Release|Any CPU.ActiveCfg = Release|Any CPU
		{5AC79E9B-0FC9-4B3F-9049-81419C6E41B2}.Release|Any CPU.Build.0 = Release|Any CPU
		{92FBB2E6-847E-424F-BBCB-1A01F4FCB31A}.Debug|Any CPU.ActiveCfg = Debug|Any CPU
		{92FBB2E6-847E-424F-BBCB-1A01F4FCB31A}.Debug|Any CPU.Build.0 = Debug|Any CPU
		{92FBB2E6-847E-424F-BBCB-1A01F4FCB31A}.Release|Any CPU.ActiveCfg = Release|Any CPU
		{92FBB2E6-847E-424F-BBCB-1A01F4FCB31A}.Release|Any CPU.Build.0 = Release|Any CPU
		{2554A6DE-634A-4D88-9161-E7CA281989AD}.Debug|Any CPU.ActiveCfg = Debug|Any CPU
		{2554A6DE-634A-4D88-9161-E7CA281989AD}.Debug|Any CPU.Build.0 = Debug|Any CPU
		{2554A6DE-634A-4D88-9161-E7CA281989AD}.Release|Any CPU.ActiveCfg = Release|Any CPU
		{2554A6DE-634A-4D88-9161-E7CA281989AD}.Release|Any CPU.Build.0 = Release|Any CPU
		{6EB01C56-7964-4C35-9F59-FD7DFB49C364}.Debug|Any CPU.ActiveCfg = Debug|Any CPU
		{6EB01C56-7964-4C35-9F59-FD7DFB49C364}.Debug|Any CPU.Build.0 = Debug|Any CPU
		{6EB01C56-7964-4C35-9F59-FD7DFB49C364}.Release|Any CPU.ActiveCfg = Release|Any CPU
		{6EB01C56-7964-4C35-9F59-FD7DFB49C364}.Release|Any CPU.Build.0 = Release|Any CPU
		{D000017C-3E3D-4B38-8106-60F608948575}.Debug|Any CPU.ActiveCfg = Debug|Any CPU
		{D000017C-3E3D-4B38-8106-60F608948575}.Debug|Any CPU.Build.0 = Debug|Any CPU
		{D000017C-3E3D-4B38-8106-60F608948575}.Release|Any CPU.ActiveCfg = Release|Any CPU
		{D000017C-3E3D-4B38-8106-60F608948575}.Release|Any CPU.Build.0 = Release|Any CPU
		{9B0BC460-3542-4F66-A9BC-5135A9E893AE}.Debug|Any CPU.ActiveCfg = Debug|Any CPU
		{9B0BC460-3542-4F66-A9BC-5135A9E893AE}.Debug|Any CPU.Build.0 = Debug|Any CPU
		{9B0BC460-3542-4F66-A9BC-5135A9E893AE}.Release|Any CPU.ActiveCfg = Release|Any CPU
		{9B0BC460-3542-4F66-A9BC-5135A9E893AE}.Release|Any CPU.Build.0 = Release|Any CPU
	EndGlobalSection
	GlobalSection(SolutionProperties) = preSolution
		HideSolutionNode = FALSE
	EndGlobalSection
	GlobalSection(NestedProjects) = preSolution
		{EFF39066-513A-4054-8347-2E43958476A8} = {8BBD7332-93CD-4C28-878C-314BB44A6224}
		{EAA6F5D1-15D2-40D5-A383-AD763401889C} = {55FB169A-E543-41E4-882A-7B12DF00016B}
		{E2797CCA-CD3C-4BF1-87CB-4D34FE8289A2} = {DACA4EB5-14F5-42D8-AD61-DA1FA4DBB6ED}
		{853338EB-9D25-4B5D-895B-FBEC7870A68A} = {C1742A07-A12D-4894-849E-87DB9CEA03C3}
		{69407060-E86D-4761-88B6-BCBAB09A481A} = {C1742A07-A12D-4894-849E-87DB9CEA03C3}
		{C232F5A4-F99A-4185-BE03-A490F8AB029B} = {C1742A07-A12D-4894-849E-87DB9CEA03C3}
		{982DCCA8-E719-4316-9D2F-03C134E03F7C} = {8BBD7332-93CD-4C28-878C-314BB44A6224}
		{C9406CEA-A228-44C0-A474-1EC1F190DA34} = {55FB169A-E543-41E4-882A-7B12DF00016B}
		{878E7696-C0CB-4779-B300-46647F434AE8} = {DACA4EB5-14F5-42D8-AD61-DA1FA4DBB6ED}
		{3B36D188-0E89-4AFD-8154-E867E2CA942B} = {4015B40A-C9B6-47B9-9758-67DF6C9B99D6}
		{11157BC7-7617-482B-88EB-BEB69E258C1B} = {4015B40A-C9B6-47B9-9758-67DF6C9B99D6}
		{7A119A5C-EAEA-4C9C-8502-E50DAD38ED18} = {C1742A07-A12D-4894-849E-87DB9CEA03C3}
		{9F5EE7C6-63E4-485A-ADEB-EE997A014FE1} = {7A119A5C-EAEA-4C9C-8502-E50DAD38ED18}
		{6FA217EB-2D53-4BE7-B4CC-963591112210} = {9F5EE7C6-63E4-485A-ADEB-EE997A014FE1}
		{95A4BD99-1495-4839-989F-1B1EB98AC912} = {6FA217EB-2D53-4BE7-B4CC-963591112210}
		{248A6EA6-7616-4BC9-9CA7-C9E3C7A0C1EA} = {4CBE2AE3-2FFC-46BE-8727-0B128F849495}
		{E3459DCC-85DA-4B35-920F-5661E6F63D52} = {DACA4EB5-14F5-42D8-AD61-DA1FA4DBB6ED}
		{5B4FE7BC-8FCE-4B7B-8E43-BCB726A7B10B} = {B079A490-6D52-4428-8A63-BD596589C16E}
		{8004251F-AF5A-4030-B40F-0C3EA8948040} = {1A0A629C-9BA1-4A19-8253-5137C2C0BA0B}
		{92FBB2E6-847E-424F-BBCB-1A01F4FCB31A} = {4B0AD4B3-4508-4F6B-AEBF-24B4578DB1DC}
		{2554A6DE-634A-4D88-9161-E7CA281989AD} = {4B0AD4B3-4508-4F6B-AEBF-24B4578DB1DC}
	EndGlobalSection
EndGlobal
