
Microsoft Visual Studio Solution File, Format Version 12.00
# Visual Studio Version 17
VisualStudioVersion = 17.0.31903.59
MinimumVisualStudioVersion = 10.0.40219.1
Project("{2150E333-8FDC-42A3-9474-1A3956D46DE8}") = "EpisodeManagementService", "EpisodeManagementService", "{55FB169A-E543-41E4-882A-7B12DF00016B}"
EndProject
Project("{2150E333-8FDC-42A3-9474-1A3956D46DE8}") = "ParticipantManagementService", "ParticipantManagementService", "{8BBD7332-93CD-4C28-878C-314BB44A6224}"
EndProject
Project("{FAE04EC0-301F-11D3-BF4B-00C04F79EFBC}") = "UpdateParticipant", "ParticipantManagementService\UpdateParticipant\UpdateParticipant.csproj", "{EFF39066-513A-4054-8347-2E43958476A8}"
EndProject
Project("{FAE04EC0-301F-11D3-BF4B-00C04F79EFBC}") = "TestUtils", "..\tests\TestUtils\TestUtils.csproj", "{D352B93A-4AFA-481A-80F9-7F68FBEC4A9B}"
EndProject
Project("{2150E333-8FDC-42A3-9474-1A3956D46DE8}") = "EpisodeIntegrationService", "EpisodeIntegrationService", "{B079A490-6D52-4428-8A63-BD596589C16E}"
EndProject
Project("{FAE04EC0-301F-11D3-BF4B-00C04F79EFBC}") = "ProcessData", "EpisodeIntegrationService\ProcessData\ProcessData.csproj", "{E8D52ABA-73F0-482C-8DA6-8E0CA58C0E66}"
EndProject
Project("{FAE04EC0-301F-11D3-BF4B-00C04F79EFBC}") = "ReceiveData", "EpisodeIntegrationService\ReceiveData\ReceiveData.csproj", "{B80006EA-58E3-4A8A-B307-4507FCA72037}"
EndProject
Project("{FAE04EC0-301F-11D3-BF4B-00C04F79EFBC}") = "CreateUpdateEpisode", "EpisodeManagementService\CreateUpdateEpisode\CreateUpdateEpisode.csproj", "{EAA6F5D1-15D2-40D5-A383-AD763401889C}"
EndProject
Project("{2150E333-8FDC-42A3-9474-1A3956D46DE8}") = "EpisodeDataService", "EpisodeDataService", "{DACA4EB5-14F5-42D8-AD61-DA1FA4DBB6ED}"
EndProject
Project("{FAE04EC0-301F-11D3-BF4B-00C04F79EFBC}") = "CreateEpisode", "EpisodeDataService\CreateEpisode\CreateEpisode.csproj", "{E2797CCA-CD3C-4BF1-87CB-4D34FE8289A2}"
EndProject
Project("{2150E333-8FDC-42A3-9474-1A3956D46DE8}") = "Shared", "Shared", "{C1742A07-A12D-4894-849E-87DB9CEA03C3}"
EndProject
Project("{FAE04EC0-301F-11D3-BF4B-00C04F79EFBC}") = "Common", "Shared\Common\Common.csproj", "{853338EB-9D25-4B5D-895B-FBEC7870A68A}"
EndProject
Project("{FAE04EC0-301F-11D3-BF4B-00C04F79EFBC}") = "Data", "Shared\Data\Data.csproj", "{69407060-E86D-4761-88B6-BCBAB09A481A}"
EndProject
Project("{FAE04EC0-301F-11D3-BF4B-00C04F79EFBC}") = "CreateEpisodeTests", "..\tests\EpisodeDataServiceTests\CreateEpisodeTests\CreateEpisodeTests.csproj", "{6B8F1D70-F55B-4C61-8FC1-0821554DAA6C}"
EndProject
Project("{FAE04EC0-301F-11D3-BF4B-00C04F79EFBC}") = "CreateUpdateEpisodeTests", "..\tests\EpisodeManagementServiceTests\CreateUpdateEpisodeTests\CreateUpdateEpisodeTests.csproj", "{3EDF6D3C-73A8-4C66-A6E4-83A4EE7E1F6A}"
EndProject
Project("{FAE04EC0-301F-11D3-BF4B-00C04F79EFBC}") = "Model", "Shared\Model\Model.csproj", "{C232F5A4-F99A-4185-BE03-A490F8AB029B}"
EndProject
Project("{FAE04EC0-301F-11D3-BF4B-00C04F79EFBC}") = "GetParticipant", "ParticipantManagementService\GetParticipant\GetParticipant.csproj", "{982DCCA8-E719-4316-9D2F-03C134E03F7C}"
EndProject
Project("{FAE04EC0-301F-11D3-BF4B-00C04F79EFBC}") = "GetParticipantTests", "..\tests\ParticipantManagementServiceTests\GetParticipantTests\GetParticipantTests.csproj", "{62B77FEF-E6E0-435D-B6E5-6FB1B8F8C46D}"
EndProject
Project("{FAE04EC0-301F-11D3-BF4B-00C04F79EFBC}") = "GetEpisode", "EpisodeManagementService\GetEpisode\GetEpisode.csproj", "{C9406CEA-A228-44C0-A474-1EC1F190DA34}"
EndProject
Project("{FAE04EC0-301F-11D3-BF4B-00C04F79EFBC}") = "ProcessDataTests", "..\tests\EpisodeIntegrationServiceTests\ProcessDataTests\ProcessDataTests.csproj", "{02AA4D25-D64E-4ABE-B9CB-CFB1476D4405}"
EndProject
Project("{FAE04EC0-301F-11D3-BF4B-00C04F79EFBC}") = "GetEpisode", "EpisodeDataService\GetEpisode\GetEpisode.csproj", "{878E7696-C0CB-4779-B300-46647F434AE8}"
EndProject
Project("{FAE04EC0-301F-11D3-BF4B-00C04F79EFBC}") = "GetEpisodeTests", "..\tests\EpisodeManagementServiceTests\GetEpisodeTests\GetEpisodeTests.csproj", "{E98C1D29-37E2-4609-A4B8-5C5209749A63}"
EndProject
Project("{FAE04EC0-301F-11D3-BF4B-00C04F79EFBC}") = "ReceiveDataTests", "..\tests\EpisodeIntegrationServiceTests\ReceiveDataTests\ReceiveDataTests.csproj", "{1250A0EC-A134-4D8D-BB2F-6DE8EDC7E571}"
EndProject
Project("{FAE04EC0-301F-11D3-BF4B-00C04F79EFBC}") = "UpdateParticipantTests", "..\tests\ParticipantManagementServiceTests\UpdateParticipantTests\UpdateParticipantTests.csproj", "{F7965884-3F6B-4505-8924-321895EE4512}"
EndProject
Project("{2150E333-8FDC-42A3-9474-1A3956D46DE8}") = "AnalyticsDataService", "AnalyticsDataService", "{19D0F3B6-7EE0-46B2-9212-41184B2DE509}"
EndProject
Project("{FAE04EC0-301F-11D3-BF4B-00C04F79EFBC}") = "SaveTransformedData", "AnalyticsDataService\SaveTransformedData\SaveTransformedData.csproj", "{02B6D618-B3AA-4DA6-BBC3-89D677006ECA}"
EndProject
Project("{FAE04EC0-301F-11D3-BF4B-00C04F79EFBC}") = "SaveTransformedDataTests", "..\tests\AnalyticsDataServiceTests\SaveTransformedDataTests.csproj", "{2C891FA4-74EB-425A-8E9E-FB69E2C49F74}"
EndProject
Project("{FAE04EC0-301F-11D3-BF4B-00C04F79EFBC}") = "GetEpisodeDataTests", "..\tests\EpisodeDataServiceTests\GetEpisodeTests\GetEpisodeDataTests.csproj", "{85B06FE6-DF2C-4C19-8969-B3D0A33719EF}"
EndProject
Project("{2150E333-8FDC-42A3-9474-1A3956D46DE8}") = "dotnet-mesh-client", "dotnet-mesh-client", "{7A119A5C-EAEA-4C9C-8502-E50DAD38ED18}"
EndProject
Project("{2150E333-8FDC-42A3-9474-1A3956D46DE8}") = "application", "application", "{9F5EE7C6-63E4-485A-ADEB-EE997A014FE1}"
EndProject
Project("{2150E333-8FDC-42A3-9474-1A3956D46DE8}") = "DotNetMeshClient", "DotNetMeshClient", "{6FA217EB-2D53-4BE7-B4CC-963591112210}"
EndProject
Project("{FAE04EC0-301F-11D3-BF4B-00C04F79EFBC}") = "NHS.Mesh.Client", "Shared\dotnet-mesh-client\application\DotNetMeshClient\NHS.Mesh.Client\NHS.Mesh.Client.csproj", "{95A4BD99-1495-4839-989F-1B1EB98AC912}"
EndProject
Project("{2150E333-8FDC-42A3-9474-1A3956D46DE8}") = "BSSelectIntegrationService", "BSSelectIntegrationService", "{4CBE2AE3-2FFC-46BE-8727-0B128F849495}"
EndProject
Project("{FAE04EC0-301F-11D3-BF4B-00C04F79EFBC}") = "RetrieveMeshFile", "BSSelectIntegrationService\RetrieveMeshFile\RetrieveMeshFile.csproj", "{DB295F89-199F-4951-B26E-35E256761FB4}"
EndProject
Global
	GlobalSection(SolutionConfigurationPlatforms) = preSolution
		Debug|Any CPU = Debug|Any CPU
		Release|Any CPU = Release|Any CPU
	EndGlobalSection
	GlobalSection(SolutionProperties) = preSolution
		HideSolutionNode = FALSE
	EndGlobalSection
	GlobalSection(ProjectConfigurationPlatforms) = postSolution
		{EFF39066-513A-4054-8347-2E43958476A8}.Debug|Any CPU.ActiveCfg = Debug|Any CPU
		{EFF39066-513A-4054-8347-2E43958476A8}.Debug|Any CPU.Build.0 = Debug|Any CPU
		{EFF39066-513A-4054-8347-2E43958476A8}.Release|Any CPU.ActiveCfg = Release|Any CPU
		{EFF39066-513A-4054-8347-2E43958476A8}.Release|Any CPU.Build.0 = Release|Any CPU
		{D352B93A-4AFA-481A-80F9-7F68FBEC4A9B}.Debug|Any CPU.ActiveCfg = Debug|Any CPU
		{D352B93A-4AFA-481A-80F9-7F68FBEC4A9B}.Debug|Any CPU.Build.0 = Debug|Any CPU
		{D352B93A-4AFA-481A-80F9-7F68FBEC4A9B}.Release|Any CPU.ActiveCfg = Release|Any CPU
		{D352B93A-4AFA-481A-80F9-7F68FBEC4A9B}.Release|Any CPU.Build.0 = Release|Any CPU
		{E8D52ABA-73F0-482C-8DA6-8E0CA58C0E66}.Debug|Any CPU.ActiveCfg = Debug|Any CPU
		{E8D52ABA-73F0-482C-8DA6-8E0CA58C0E66}.Debug|Any CPU.Build.0 = Debug|Any CPU
		{E8D52ABA-73F0-482C-8DA6-8E0CA58C0E66}.Release|Any CPU.ActiveCfg = Release|Any CPU
		{E8D52ABA-73F0-482C-8DA6-8E0CA58C0E66}.Release|Any CPU.Build.0 = Release|Any CPU
		{B80006EA-58E3-4A8A-B307-4507FCA72037}.Debug|Any CPU.ActiveCfg = Debug|Any CPU
		{B80006EA-58E3-4A8A-B307-4507FCA72037}.Debug|Any CPU.Build.0 = Debug|Any CPU
		{B80006EA-58E3-4A8A-B307-4507FCA72037}.Release|Any CPU.ActiveCfg = Release|Any CPU
		{B80006EA-58E3-4A8A-B307-4507FCA72037}.Release|Any CPU.Build.0 = Release|Any CPU
		{EAA6F5D1-15D2-40D5-A383-AD763401889C}.Debug|Any CPU.ActiveCfg = Debug|Any CPU
		{EAA6F5D1-15D2-40D5-A383-AD763401889C}.Debug|Any CPU.Build.0 = Debug|Any CPU
		{EAA6F5D1-15D2-40D5-A383-AD763401889C}.Release|Any CPU.ActiveCfg = Release|Any CPU
		{EAA6F5D1-15D2-40D5-A383-AD763401889C}.Release|Any CPU.Build.0 = Release|Any CPU
		{E2797CCA-CD3C-4BF1-87CB-4D34FE8289A2}.Debug|Any CPU.ActiveCfg = Debug|Any CPU
		{E2797CCA-CD3C-4BF1-87CB-4D34FE8289A2}.Debug|Any CPU.Build.0 = Debug|Any CPU
		{E2797CCA-CD3C-4BF1-87CB-4D34FE8289A2}.Release|Any CPU.ActiveCfg = Release|Any CPU
		{E2797CCA-CD3C-4BF1-87CB-4D34FE8289A2}.Release|Any CPU.Build.0 = Release|Any CPU
		{853338EB-9D25-4B5D-895B-FBEC7870A68A}.Debug|Any CPU.ActiveCfg = Debug|Any CPU
		{853338EB-9D25-4B5D-895B-FBEC7870A68A}.Debug|Any CPU.Build.0 = Debug|Any CPU
		{853338EB-9D25-4B5D-895B-FBEC7870A68A}.Release|Any CPU.ActiveCfg = Release|Any CPU
		{853338EB-9D25-4B5D-895B-FBEC7870A68A}.Release|Any CPU.Build.0 = Release|Any CPU
		{69407060-E86D-4761-88B6-BCBAB09A481A}.Debug|Any CPU.ActiveCfg = Debug|Any CPU
		{69407060-E86D-4761-88B6-BCBAB09A481A}.Debug|Any CPU.Build.0 = Debug|Any CPU
		{69407060-E86D-4761-88B6-BCBAB09A481A}.Release|Any CPU.ActiveCfg = Release|Any CPU
		{69407060-E86D-4761-88B6-BCBAB09A481A}.Release|Any CPU.Build.0 = Release|Any CPU
		{6B8F1D70-F55B-4C61-8FC1-0821554DAA6C}.Debug|Any CPU.ActiveCfg = Debug|Any CPU
		{6B8F1D70-F55B-4C61-8FC1-0821554DAA6C}.Debug|Any CPU.Build.0 = Debug|Any CPU
		{6B8F1D70-F55B-4C61-8FC1-0821554DAA6C}.Release|Any CPU.ActiveCfg = Release|Any CPU
		{6B8F1D70-F55B-4C61-8FC1-0821554DAA6C}.Release|Any CPU.Build.0 = Release|Any CPU
		{3EDF6D3C-73A8-4C66-A6E4-83A4EE7E1F6A}.Debug|Any CPU.ActiveCfg = Debug|Any CPU
		{3EDF6D3C-73A8-4C66-A6E4-83A4EE7E1F6A}.Debug|Any CPU.Build.0 = Debug|Any CPU
		{3EDF6D3C-73A8-4C66-A6E4-83A4EE7E1F6A}.Release|Any CPU.ActiveCfg = Release|Any CPU
		{3EDF6D3C-73A8-4C66-A6E4-83A4EE7E1F6A}.Release|Any CPU.Build.0 = Release|Any CPU
		{C232F5A4-F99A-4185-BE03-A490F8AB029B}.Debug|Any CPU.ActiveCfg = Debug|Any CPU
		{C232F5A4-F99A-4185-BE03-A490F8AB029B}.Debug|Any CPU.Build.0 = Debug|Any CPU
		{C232F5A4-F99A-4185-BE03-A490F8AB029B}.Release|Any CPU.ActiveCfg = Release|Any CPU
		{C232F5A4-F99A-4185-BE03-A490F8AB029B}.Release|Any CPU.Build.0 = Release|Any CPU
		{982DCCA8-E719-4316-9D2F-03C134E03F7C}.Debug|Any CPU.ActiveCfg = Debug|Any CPU
		{982DCCA8-E719-4316-9D2F-03C134E03F7C}.Debug|Any CPU.Build.0 = Debug|Any CPU
		{982DCCA8-E719-4316-9D2F-03C134E03F7C}.Release|Any CPU.ActiveCfg = Release|Any CPU
		{982DCCA8-E719-4316-9D2F-03C134E03F7C}.Release|Any CPU.Build.0 = Release|Any CPU
		{62B77FEF-E6E0-435D-B6E5-6FB1B8F8C46D}.Debug|Any CPU.ActiveCfg = Debug|Any CPU
		{62B77FEF-E6E0-435D-B6E5-6FB1B8F8C46D}.Debug|Any CPU.Build.0 = Debug|Any CPU
		{62B77FEF-E6E0-435D-B6E5-6FB1B8F8C46D}.Release|Any CPU.ActiveCfg = Release|Any CPU
		{62B77FEF-E6E0-435D-B6E5-6FB1B8F8C46D}.Release|Any CPU.Build.0 = Release|Any CPU
		{C9406CEA-A228-44C0-A474-1EC1F190DA34}.Debug|Any CPU.ActiveCfg = Debug|Any CPU
		{C9406CEA-A228-44C0-A474-1EC1F190DA34}.Debug|Any CPU.Build.0 = Debug|Any CPU
		{C9406CEA-A228-44C0-A474-1EC1F190DA34}.Release|Any CPU.ActiveCfg = Release|Any CPU
		{C9406CEA-A228-44C0-A474-1EC1F190DA34}.Release|Any CPU.Build.0 = Release|Any CPU
		{02AA4D25-D64E-4ABE-B9CB-CFB1476D4405}.Debug|Any CPU.ActiveCfg = Debug|Any CPU
		{02AA4D25-D64E-4ABE-B9CB-CFB1476D4405}.Debug|Any CPU.Build.0 = Debug|Any CPU
		{02AA4D25-D64E-4ABE-B9CB-CFB1476D4405}.Release|Any CPU.ActiveCfg = Release|Any CPU
		{02AA4D25-D64E-4ABE-B9CB-CFB1476D4405}.Release|Any CPU.Build.0 = Release|Any CPU
		{878E7696-C0CB-4779-B300-46647F434AE8}.Debug|Any CPU.ActiveCfg = Debug|Any CPU
		{878E7696-C0CB-4779-B300-46647F434AE8}.Debug|Any CPU.Build.0 = Debug|Any CPU
		{878E7696-C0CB-4779-B300-46647F434AE8}.Release|Any CPU.ActiveCfg = Release|Any CPU
		{878E7696-C0CB-4779-B300-46647F434AE8}.Release|Any CPU.Build.0 = Release|Any CPU
		{E98C1D29-37E2-4609-A4B8-5C5209749A63}.Debug|Any CPU.ActiveCfg = Debug|Any CPU
		{E98C1D29-37E2-4609-A4B8-5C5209749A63}.Debug|Any CPU.Build.0 = Debug|Any CPU
		{E98C1D29-37E2-4609-A4B8-5C5209749A63}.Release|Any CPU.ActiveCfg = Release|Any CPU
		{E98C1D29-37E2-4609-A4B8-5C5209749A63}.Release|Any CPU.Build.0 = Release|Any CPU
		{02B6D618-B3AA-4DA6-BBC3-89D677006ECA}.Debug|Any CPU.ActiveCfg = Debug|Any CPU
		{02B6D618-B3AA-4DA6-BBC3-89D677006ECA}.Debug|Any CPU.Build.0 = Debug|Any CPU
		{02B6D618-B3AA-4DA6-BBC3-89D677006ECA}.Release|Any CPU.ActiveCfg = Release|Any CPU
		{02B6D618-B3AA-4DA6-BBC3-89D677006ECA}.Release|Any CPU.Build.0 = Release|Any CPU
		{2C891FA4-74EB-425A-8E9E-FB69E2C49F74}.Debug|Any CPU.ActiveCfg = Debug|Any CPU
		{2C891FA4-74EB-425A-8E9E-FB69E2C49F74}.Debug|Any CPU.Build.0 = Debug|Any CPU
		{2C891FA4-74EB-425A-8E9E-FB69E2C49F74}.Release|Any CPU.ActiveCfg = Release|Any CPU
		{2C891FA4-74EB-425A-8E9E-FB69E2C49F74}.Release|Any CPU.Build.0 = Release|Any CPU
		{85B06FE6-DF2C-4C19-8969-B3D0A33719EF}.Debug|Any CPU.ActiveCfg = Debug|Any CPU
		{85B06FE6-DF2C-4C19-8969-B3D0A33719EF}.Debug|Any CPU.Build.0 = Debug|Any CPU
		{85B06FE6-DF2C-4C19-8969-B3D0A33719EF}.Release|Any CPU.ActiveCfg = Release|Any CPU
		{85B06FE6-DF2C-4C19-8969-B3D0A33719EF}.Release|Any CPU.Build.0 = Release|Any CPU
		{95A4BD99-1495-4839-989F-1B1EB98AC912}.Debug|Any CPU.ActiveCfg = Debug|Any CPU
		{95A4BD99-1495-4839-989F-1B1EB98AC912}.Debug|Any CPU.Build.0 = Debug|Any CPU
		{95A4BD99-1495-4839-989F-1B1EB98AC912}.Release|Any CPU.ActiveCfg = Release|Any CPU
		{95A4BD99-1495-4839-989F-1B1EB98AC912}.Release|Any CPU.Build.0 = Release|Any CPU
		{DB295F89-199F-4951-B26E-35E256761FB4}.Debug|Any CPU.ActiveCfg = Debug|Any CPU
		{DB295F89-199F-4951-B26E-35E256761FB4}.Debug|Any CPU.Build.0 = Debug|Any CPU
		{DB295F89-199F-4951-B26E-35E256761FB4}.Release|Any CPU.ActiveCfg = Release|Any CPU
		{DB295F89-199F-4951-B26E-35E256761FB4}.Release|Any CPU.Build.0 = Release|Any CPU
	EndGlobalSection
	GlobalSection(NestedProjects) = preSolution
		{EFF39066-513A-4054-8347-2E43958476A8} = {8BBD7332-93CD-4C28-878C-314BB44A6224}
		{E8D52ABA-73F0-482C-8DA6-8E0CA58C0E66} = {B079A490-6D52-4428-8A63-BD596589C16E}
		{B80006EA-58E3-4A8A-B307-4507FCA72037} = {B079A490-6D52-4428-8A63-BD596589C16E}
		{EAA6F5D1-15D2-40D5-A383-AD763401889C} = {55FB169A-E543-41E4-882A-7B12DF00016B}
		{E2797CCA-CD3C-4BF1-87CB-4D34FE8289A2} = {DACA4EB5-14F5-42D8-AD61-DA1FA4DBB6ED}
		{853338EB-9D25-4B5D-895B-FBEC7870A68A} = {C1742A07-A12D-4894-849E-87DB9CEA03C3}
		{69407060-E86D-4761-88B6-BCBAB09A481A} = {C1742A07-A12D-4894-849E-87DB9CEA03C3}
		{C232F5A4-F99A-4185-BE03-A490F8AB029B} = {C1742A07-A12D-4894-849E-87DB9CEA03C3}
		{982DCCA8-E719-4316-9D2F-03C134E03F7C} = {8BBD7332-93CD-4C28-878C-314BB44A6224}
		{C9406CEA-A228-44C0-A474-1EC1F190DA34} = {55FB169A-E543-41E4-882A-7B12DF00016B}
		{878E7696-C0CB-4779-B300-46647F434AE8} = {DACA4EB5-14F5-42D8-AD61-DA1FA4DBB6ED}
		{02B6D618-B3AA-4DA6-BBC3-89D677006ECA} = {19D0F3B6-7EE0-46B2-9212-41184B2DE509}
		{7A119A5C-EAEA-4C9C-8502-E50DAD38ED18} = {C1742A07-A12D-4894-849E-87DB9CEA03C3}
		{9F5EE7C6-63E4-485A-ADEB-EE997A014FE1} = {7A119A5C-EAEA-4C9C-8502-E50DAD38ED18}
		{6FA217EB-2D53-4BE7-B4CC-963591112210} = {9F5EE7C6-63E4-485A-ADEB-EE997A014FE1}
		{95A4BD99-1495-4839-989F-1B1EB98AC912} = {6FA217EB-2D53-4BE7-B4CC-963591112210}
		{DB295F89-199F-4951-B26E-35E256761FB4} = {4CBE2AE3-2FFC-46BE-8727-0B128F849495}
	EndGlobalSection
EndGlobal
