
Microsoft Visual Studio Solution File, Format Version 12.00
# Visual Studio Version 17
VisualStudioVersion = 17.0.31903.59
MinimumVisualStudioVersion = 10.0.40219.1
Project("{2150E333-8FDC-42A3-9474-1A3956D46DE8}") = "EpisodeIntegrationService", "EpisodeIntegrationService", "{732947C1-3B8A-4EB2-9525-FF64952BB214}"
EndProject
Project("{FAE04EC0-301F-11D3-BF4B-00C04F79EFBC}") = "ProcessData", "EpisodeIntegrationService\ProcessData\ProcessData.csproj", "{0FAB64CC-A65B-4B1C-9414-A204B9F89377}"
EndProject
Project("{FAE04EC0-301F-11D3-BF4B-00C04F79EFBC}") = "ReceiveData", "EpisodeIntegrationService\ReceiveData\ReceiveData.csproj", "{C80A4F61-F1F2-494B-9F7A-B70E7CCD1B1A}"
EndProject
Project("{2150E333-8FDC-42A3-9474-1A3956D46DE8}") = "EpisodeManagementService", "EpisodeManagementService", "{2A1372E6-74CD-4E90-AE4F-0F765F449094}"
EndProject
Project("{FAE04EC0-301F-11D3-BF4B-00C04F79EFBC}") = "CreateUpdateEpisode", "EpisodeManagementService\CreateUpdateEpisode\CreateUpdateEpisode.csproj", "{E7077989-934C-4CE8-8792-E5D27BF0A0AF}"
EndProject
Project("{2150E333-8FDC-42A3-9474-1A3956D46DE8}") = "EpisodeDataService", "EpisodeDataService", "{FE15615A-5CA1-45AB-95FE-1C467A398E1A}"
EndProject
Project("{FAE04EC0-301F-11D3-BF4B-00C04F79EFBC}") = "CreateEpisode", "EpisodeDataService\CreateEpisode\CreateEpisode.csproj", "{EFA28FCB-0D6C-4BAF-94DF-2C2F725F636A}"
EndProject
Project("{2150E333-8FDC-42A3-9474-1A3956D46DE8}") = "ParticipantManagementService", "ParticipantManagementService", "{9CCF6B08-82AC-49E3-9406-15ABBC94D5B4}"
EndProject
Project("{FAE04EC0-301F-11D3-BF4B-00C04F79EFBC}") = "UpdateParticipant", "ParticipantManagementService\UpdateParticipant\UpdateParticipant.csproj", "{B66F3DFE-A676-49F9-A28E-1C8B8B1512B3}"
EndProject
Project("{2150E333-8FDC-42A3-9474-1A3956D46DE8}") = "Shared", "Shared", "{3374FEFF-52BD-4767-BFD3-0FF5431BEF1A}"
EndProject
Project("{FAE04EC0-301F-11D3-BF4B-00C04F79EFBC}") = "Data", "Shared\Data\Data.csproj", "{CCC3747A-8BF1-4F9B-AD36-21F170F838B6}"
EndProject
Project("{FAE04EC0-301F-11D3-BF4B-00C04F79EFBC}") = "TestUtils", "..\tests\TestUtils\TestUtils.csproj", "{48739CD1-872D-4C9D-A16D-A8617A336431}"
EndProject
Project("{FAE04EC0-301F-11D3-BF4B-00C04F79EFBC}") = "CreateUpdateEpisodeTests", "..\tests\EpisodeManagementServiceTests\CreateUpdateEpisodeTests\CreateUpdateEpisodeTests.csproj", "{D7FE91DB-564D-410D-B15D-3B67978931DD}"
EndProject
Project("{FAE04EC0-301F-11D3-BF4B-00C04F79EFBC}") = "CreateEpisodeTests", "..\tests\EpisodeDataServiceTests\CreateEpisodeTests\CreateEpisodeTests.csproj", "{051B4547-E23A-488B-98E8-79BBFB5109FB}"
EndProject
Project("{FAE04EC0-301F-11D3-BF4B-00C04F79EFBC}") = "Common", "Shared\Common\Common.csproj", "{CAD39B63-F459-4975-9022-8821AD0D9B5F}"
EndProject
Global
	GlobalSection(SolutionConfigurationPlatforms) = preSolution
		Debug|Any CPU = Debug|Any CPU
		Release|Any CPU = Release|Any CPU
	EndGlobalSection
	GlobalSection(SolutionProperties) = preSolution
		HideSolutionNode = FALSE
	EndGlobalSection
	GlobalSection(ProjectConfigurationPlatforms) = postSolution
		{0FAB64CC-A65B-4B1C-9414-A204B9F89377}.Debug|Any CPU.ActiveCfg = Debug|Any CPU
		{0FAB64CC-A65B-4B1C-9414-A204B9F89377}.Debug|Any CPU.Build.0 = Debug|Any CPU
		{0FAB64CC-A65B-4B1C-9414-A204B9F89377}.Release|Any CPU.ActiveCfg = Release|Any CPU
		{0FAB64CC-A65B-4B1C-9414-A204B9F89377}.Release|Any CPU.Build.0 = Release|Any CPU
		{C80A4F61-F1F2-494B-9F7A-B70E7CCD1B1A}.Debug|Any CPU.ActiveCfg = Debug|Any CPU
		{C80A4F61-F1F2-494B-9F7A-B70E7CCD1B1A}.Debug|Any CPU.Build.0 = Debug|Any CPU
		{C80A4F61-F1F2-494B-9F7A-B70E7CCD1B1A}.Release|Any CPU.ActiveCfg = Release|Any CPU
		{C80A4F61-F1F2-494B-9F7A-B70E7CCD1B1A}.Release|Any CPU.Build.0 = Release|Any CPU
		{E7077989-934C-4CE8-8792-E5D27BF0A0AF}.Debug|Any CPU.ActiveCfg = Debug|Any CPU
		{E7077989-934C-4CE8-8792-E5D27BF0A0AF}.Debug|Any CPU.Build.0 = Debug|Any CPU
		{E7077989-934C-4CE8-8792-E5D27BF0A0AF}.Release|Any CPU.ActiveCfg = Release|Any CPU
		{E7077989-934C-4CE8-8792-E5D27BF0A0AF}.Release|Any CPU.Build.0 = Release|Any CPU
		{EFA28FCB-0D6C-4BAF-94DF-2C2F725F636A}.Debug|Any CPU.ActiveCfg = Debug|Any CPU
		{EFA28FCB-0D6C-4BAF-94DF-2C2F725F636A}.Debug|Any CPU.Build.0 = Debug|Any CPU
		{EFA28FCB-0D6C-4BAF-94DF-2C2F725F636A}.Release|Any CPU.ActiveCfg = Release|Any CPU
		{EFA28FCB-0D6C-4BAF-94DF-2C2F725F636A}.Release|Any CPU.Build.0 = Release|Any CPU
		{B66F3DFE-A676-49F9-A28E-1C8B8B1512B3}.Debug|Any CPU.ActiveCfg = Debug|Any CPU
		{B66F3DFE-A676-49F9-A28E-1C8B8B1512B3}.Debug|Any CPU.Build.0 = Debug|Any CPU
		{B66F3DFE-A676-49F9-A28E-1C8B8B1512B3}.Release|Any CPU.ActiveCfg = Release|Any CPU
		{B66F3DFE-A676-49F9-A28E-1C8B8B1512B3}.Release|Any CPU.Build.0 = Release|Any CPU
		{CCC3747A-8BF1-4F9B-AD36-21F170F838B6}.Debug|Any CPU.ActiveCfg = Debug|Any CPU
		{CCC3747A-8BF1-4F9B-AD36-21F170F838B6}.Debug|Any CPU.Build.0 = Debug|Any CPU
		{CCC3747A-8BF1-4F9B-AD36-21F170F838B6}.Release|Any CPU.ActiveCfg = Release|Any CPU
		{CCC3747A-8BF1-4F9B-AD36-21F170F838B6}.Release|Any CPU.Build.0 = Release|Any CPU
		{48739CD1-872D-4C9D-A16D-A8617A336431}.Debug|Any CPU.ActiveCfg = Debug|Any CPU
		{48739CD1-872D-4C9D-A16D-A8617A336431}.Debug|Any CPU.Build.0 = Debug|Any CPU
		{48739CD1-872D-4C9D-A16D-A8617A336431}.Release|Any CPU.ActiveCfg = Release|Any CPU
		{48739CD1-872D-4C9D-A16D-A8617A336431}.Release|Any CPU.Build.0 = Release|Any CPU
		{D7FE91DB-564D-410D-B15D-3B67978931DD}.Debug|Any CPU.ActiveCfg = Debug|Any CPU
		{D7FE91DB-564D-410D-B15D-3B67978931DD}.Debug|Any CPU.Build.0 = Debug|Any CPU
		{D7FE91DB-564D-410D-B15D-3B67978931DD}.Release|Any CPU.ActiveCfg = Release|Any CPU
		{D7FE91DB-564D-410D-B15D-3B67978931DD}.Release|Any CPU.Build.0 = Release|Any CPU
		{051B4547-E23A-488B-98E8-79BBFB5109FB}.Debug|Any CPU.ActiveCfg = Debug|Any CPU
		{051B4547-E23A-488B-98E8-79BBFB5109FB}.Debug|Any CPU.Build.0 = Debug|Any CPU
		{051B4547-E23A-488B-98E8-79BBFB5109FB}.Release|Any CPU.ActiveCfg = Release|Any CPU
		{051B4547-E23A-488B-98E8-79BBFB5109FB}.Release|Any CPU.Build.0 = Release|Any CPU
		{CAD39B63-F459-4975-9022-8821AD0D9B5F}.Debug|Any CPU.ActiveCfg = Debug|Any CPU
		{CAD39B63-F459-4975-9022-8821AD0D9B5F}.Debug|Any CPU.Build.0 = Debug|Any CPU
		{CAD39B63-F459-4975-9022-8821AD0D9B5F}.Release|Any CPU.ActiveCfg = Release|Any CPU
		{CAD39B63-F459-4975-9022-8821AD0D9B5F}.Release|Any CPU.Build.0 = Release|Any CPU
	EndGlobalSection
	GlobalSection(NestedProjects) = preSolution
		{0FAB64CC-A65B-4B1C-9414-A204B9F89377} = {732947C1-3B8A-4EB2-9525-FF64952BB214}
		{C80A4F61-F1F2-494B-9F7A-B70E7CCD1B1A} = {732947C1-3B8A-4EB2-9525-FF64952BB214}
		{E7077989-934C-4CE8-8792-E5D27BF0A0AF} = {2A1372E6-74CD-4E90-AE4F-0F765F449094}
		{EFA28FCB-0D6C-4BAF-94DF-2C2F725F636A} = {FE15615A-5CA1-45AB-95FE-1C467A398E1A}
		{B66F3DFE-A676-49F9-A28E-1C8B8B1512B3} = {9CCF6B08-82AC-49E3-9406-15ABBC94D5B4}
		{CCC3747A-8BF1-4F9B-AD36-21F170F838B6} = {3374FEFF-52BD-4767-BFD3-0FF5431BEF1A}
		{CAD39B63-F459-4975-9022-8821AD0D9B5F} = {3374FEFF-52BD-4767-BFD3-0FF5431BEF1A}
	EndGlobalSection
EndGlobal
